
Microsoft Visual Studio Solution File, Format Version 12.00
# Visual Studio 15
VisualStudioVersion = 15.0.28307.421
MinimumVisualStudioVersion = 10.0.40219.1
Project("{F2A71F9B-5D33-465A-A702-920D77279786}") = "FSharpLibrary", "FSharpLibrary\FSharpLibrary.fsproj", "{8C9FC102-6913-4093-8118-4B85BFCBDE02}"
EndProject
Project("{FAE04EC0-301F-11D3-BF4B-00C04F79EFBC}") = "Test", "Test\Test.csproj", "{091D5A8A-08AE-4AC5-A2CA-1F7C5CD53CDB}"
EndProject
Global
	GlobalSection(SolutionConfigurationPlatforms) = preSolution
		Debug|Any CPU = Debug|Any CPU
		Release|Any CPU = Release|Any CPU
	EndGlobalSection
	GlobalSection(ProjectConfigurationPlatforms) = postSolution
		{8C9FC102-6913-4093-8118-4B85BFCBDE02}.Debug|Any CPU.ActiveCfg = Debug|Any CPU
		{8C9FC102-6913-4093-8118-4B85BFCBDE02}.Debug|Any CPU.Build.0 = Debug|Any CPU
		{8C9FC102-6913-4093-8118-4B85BFCBDE02}.Release|Any CPU.ActiveCfg = Release|Any CPU
		{8C9FC102-6913-4093-8118-4B85BFCBDE02}.Release|Any CPU.Build.0 = Release|Any CPU
		{091D5A8A-08AE-4AC5-A2CA-1F7C5CD53CDB}.Debug|Any CPU.ActiveCfg = Debug|Any CPU
		{091D5A8A-08AE-4AC5-A2CA-1F7C5CD53CDB}.Debug|Any CPU.Build.0 = Debug|Any CPU
		{091D5A8A-08AE-4AC5-A2CA-1F7C5CD53CDB}.Release|Any CPU.ActiveCfg = Release|Any CPU
		{091D5A8A-08AE-4AC5-A2CA-1F7C5CD53CDB}.Release|Any CPU.Build.0 = Release|Any CPU
	EndGlobalSection
	GlobalSection(SolutionProperties) = preSolution
		HideSolutionNode = FALSE
	EndGlobalSection
	GlobalSection(ExtensibilityGlobals) = postSolution
		SolutionGuid = {23B6E8B1-A2B5-47A6-B15C-8C5C66DA12F9}
	EndGlobalSection
EndGlobal
